
Microsoft Visual Studio Solution File, Format Version 12.00
# Visual Studio Version 16
VisualStudioVersion = 16.0.30204.135
MinimumVisualStudioVersion = 10.0.40219.1
Project("{FAE04EC0-301F-11D3-BF4B-00C04F79EFBC}") = "EImece", "EImece\EImece.csproj", "{7DDC08CA-3C80-4CBB-8EE8-B08EE8E70782}"
EndProject
Project("{FAE04EC0-301F-11D3-BF4B-00C04F79EFBC}") = "EImece.Tests", "EImece.Tests\EImece.Tests.csproj", "{B6E57622-555C-48EF-9653-5E981B0B81F3}"
EndProject
Project("{FAE04EC0-301F-11D3-BF4B-00C04F79EFBC}") = "EImece.Domain", "EImece.Domain\EImece.Domain.csproj", "{C46D80DD-554F-4FEC-8523-DF5C9CA84D70}"
EndProject
Project("{FAE04EC0-301F-11D3-BF4B-00C04F79EFBC}") = "Resources", "Resources\Resources.csproj", "{8BC5080D-B9B0-4C23-9E54-43448916B148}"
EndProject
Project("{FAE04EC0-301F-11D3-BF4B-00C04F79EFBC}") = "EImece.MyConsole", "EImece.MyConsole\EImece.MyConsole.csproj", "{55D9B01E-7033-4302-9278-19FFFDB09138}"
EndProject
Project("{FAE04EC0-301F-11D3-BF4B-00C04F79EFBC}") = "EImece.Web", "EImece.Web\EImece.Web.csproj", "{D434CA3F-4FE1-4D15-B698-0AA9B3038F5B}"
EndProject
Project("{FAE04EC0-301F-11D3-BF4B-00C04F79EFBC}") = "EImece.Domain.Core", "EImece.Domain.Core\EImece.Domain.Core.csproj", "{0D5901C4-5E43-47C7-9A74-36D26D620453}"
EndProject
Project("{FAE04EC0-301F-11D3-BF4B-00C04F79EFBC}") = "EImece.Web.Tests", "EImece.Web.Tests\EImece.Web.Tests.csproj", "{91D9237D-8AED-4E59-A42B-9CB06E3837DC}"
EndProject
Project("{FAE04EC0-301F-11D3-BF4B-00C04F79EFBC}") = "EImece.Integration.Tests", "EImece.Integration.Tests\EImece.Integration.Tests.csproj", "{A1B2C3D4-E5F6-7890-ABCD-EF1234567890}"
EndProject
Global
	GlobalSection(SolutionConfigurationPlatforms) = preSolution
		Debug|Any CPU = Debug|Any CPU
		Release|Any CPU = Release|Any CPU
	EndGlobalSection
	GlobalSection(ProjectConfigurationPlatforms) = postSolution
		{7DDC08CA-3C80-4CBB-8EE8-B08EE8E70782}.Debug|Any CPU.ActiveCfg = Debug|Any CPU
		{7DDC08CA-3C80-4CBB-8EE8-B08EE8E70782}.Debug|Any CPU.Build.0 = Debug|Any CPU
		{7DDC08CA-3C80-4CBB-8EE8-B08EE8E70782}.Release|Any CPU.ActiveCfg = Release|Any CPU
		{7DDC08CA-3C80-4CBB-8EE8-B08EE8E70782}.Release|Any CPU.Build.0 = Release|Any CPU
		{B6E57622-555C-48EF-9653-5E981B0B81F3}.Debug|Any CPU.ActiveCfg = Debug|Any CPU
		{B6E57622-555C-48EF-9653-5E981B0B81F3}.Debug|Any CPU.Build.0 = Debug|Any CPU
		{B6E57622-555C-48EF-9653-5E981B0B81F3}.Release|Any CPU.ActiveCfg = Release|Any CPU
		{B6E57622-555C-48EF-9653-5E981B0B81F3}.Release|Any CPU.Build.0 = Release|Any CPU
		{C46D80DD-554F-4FEC-8523-DF5C9CA84D70}.Debug|Any CPU.ActiveCfg = Debug|Any CPU
		{C46D80DD-554F-4FEC-8523-DF5C9CA84D70}.Debug|Any CPU.Build.0 = Debug|Any CPU
		{C46D80DD-554F-4FEC-8523-DF5C9CA84D70}.Release|Any CPU.ActiveCfg = Release|Any CPU
		{C46D80DD-554F-4FEC-8523-DF5C9CA84D70}.Release|Any CPU.Build.0 = Release|Any CPU
		{8BC5080D-B9B0-4C23-9E54-43448916B148}.Debug|Any CPU.ActiveCfg = Debug|Any CPU
		{8BC5080D-B9B0-4C23-9E54-43448916B148}.Debug|Any CPU.Build.0 = Debug|Any CPU
		{8BC5080D-B9B0-4C23-9E54-43448916B148}.Release|Any CPU.ActiveCfg = Release|Any CPU
		{8BC5080D-B9B0-4C23-9E54-43448916B148}.Release|Any CPU.Build.0 = Release|Any CPU
		{55D9B01E-7033-4302-9278-19FFFDB09138}.Debug|Any CPU.ActiveCfg = Debug|Any CPU
		{55D9B01E-7033-4302-9278-19FFFDB09138}.Debug|Any CPU.Build.0 = Debug|Any CPU
		{55D9B01E-7033-4302-9278-19FFFDB09138}.Release|Any CPU.ActiveCfg = Release|Any CPU
		{55D9B01E-7033-4302-9278-19FFFDB09138}.Release|Any CPU.Build.0 = Release|Any CPU
		{D434CA3F-4FE1-4D15-B698-0AA9B3038F5B}.Debug|Any CPU.ActiveCfg = Debug|Any CPU
		{D434CA3F-4FE1-4D15-B698-0AA9B3038F5B}.Debug|Any CPU.Build.0 = Debug|Any CPU
		{D434CA3F-4FE1-4D15-B698-0AA9B3038F5B}.Release|Any CPU.ActiveCfg = Release|Any CPU
		{D434CA3F-4FE1-4D15-B698-0AA9B3038F5B}.Release|Any CPU.Build.0 = Release|Any CPU
		{0D5901C4-5E43-47C7-9A74-36D26D620453}.Debug|Any CPU.ActiveCfg = Debug|Any CPU
		{0D5901C4-5E43-47C7-9A74-36D26D620453}.Debug|Any CPU.Build.0 = Debug|Any CPU
		{0D5901C4-5E43-47C7-9A74-36D26D620453}.Release|Any CPU.ActiveCfg = Release|Any CPU
		{0D5901C4-5E43-47C7-9A74-36D26D620453}.Release|Any CPU.Build.0 = Release|Any CPU
		{91D9237D-8AED-4E59-A42B-9CB06E3837DC}.Debug|Any CPU.ActiveCfg = Debug|Any CPU
		{91D9237D-8AED-4E59-A42B-9CB06E3837DC}.Debug|Any CPU.Build.0 = Debug|Any CPU
		{91D9237D-8AED-4E59-A42B-9CB06E3837DC}.Release|Any CPU.ActiveCfg = Release|Any CPU
		{91D9237D-8AED-4E59-A42B-9CB06E3837DC}.Release|Any CPU.Build.0 = Release|Any CPU
		{A1B2C3D4-E5F6-7890-ABCD-EF1234567890}.Debug|Any CPU.ActiveCfg = Debug|Any CPU
		{A1B2C3D4-E5F6-7890-ABCD-EF1234567890}.Debug|Any CPU.Build.0 = Debug|Any CPU
		{A1B2C3D4-E5F6-7890-ABCD-EF1234567890}.Release|Any CPU.ActiveCfg = Release|Any CPU
		{A1B2C3D4-E5F6-7890-ABCD-EF1234567890}.Release|Any CPU.Build.0 = Release|Any CPU
	EndGlobalSection
	GlobalSection(SolutionProperties) = preSolution
		HideSolutionNode = FALSE
	EndGlobalSection
	GlobalSection(ExtensibilityGlobals) = postSolution
		SolutionGuid = {5F67E0EC-EBA6-487B-A75F-72577EC4AA28}
	EndGlobalSection
EndGlobal
