
Microsoft Visual Studio Solution File, Format Version 12.00
# Visual Studio Version 16
VisualStudioVersion = 16.0.30204.135
MinimumVisualStudioVersion = 10.0.40219.1
Project("{FAE04EC0-301F-11D3-BF4B-00C04F79EFBC}") = "EImece", "EImece\EImece.csproj", "{7DDC08CA-3C80-4CBB-8EE8-B08EE8E70782}"
EndProject
Project("{FAE04EC0-301F-11D3-BF4B-00C04F79EFBC}") = "EImece.Tests", "EImece.Tests\EImece.Tests.csproj", "{B6E57622-555C-48EF-9653-5E981B0B81F3}"
EndProject
Project("{FAE04EC0-301F-11D3-BF4B-00C04F79EFBC}") = "EImece.Domain", "EImece.Domain\EImece.Domain.csproj", "{C46D80DD-554F-4FEC-8523-DF5C9CA84D70}"
EndProject
Project("{FAE04EC0-301F-11D3-BF4B-00C04F79EFBC}") = "Resources", "Resources\Resources.csproj", "{8BC5080D-B9B0-4C23-9E54-43448916B148}"
EndProject
Project("{FAE04EC0-301F-11D3-BF4B-00C04F79EFBC}") = "EImece.MyConsole", "EImece.MyConsole\EImece.MyConsole.csproj", "{55D9B01E-7033-4302-9278-19FFFDB09138}"
EndProject
Global
	GlobalSection(SolutionConfigurationPlatforms) = preSolution
		Debug|Any CPU = Debug|Any CPU
		Release|Any CPU = Release|Any CPU
	EndGlobalSection
	GlobalSection(ProjectConfigurationPlatforms) = postSolution
		{7DDC08CA-3C80-4CBB-8EE8-B08EE8E70782}.Debug|Any CPU.ActiveCfg = Debug|Any CPU
		{7DDC08CA-3C80-4CBB-8EE8-B08EE8E70782}.Debug|Any CPU.Build.0 = Debug|Any CPU
		{7DDC08CA-3C80-4CBB-8EE8-B08EE8E70782}.Release|Any CPU.ActiveCfg = Release|Any CPU
		{7DDC08CA-3C80-4CBB-8EE8-B08EE8E70782}.Release|Any CPU.Build.0 = Release|Any CPU
		{B6E57622-555C-48EF-9653-5E981B0B81F3}.Debug|Any CPU.ActiveCfg = Debug|Any CPU
		{B6E57622-555C-48EF-9653-5E981B0B81F3}.Debug|Any CPU.Build.0 = Debug|Any CPU
		{B6E57622-555C-48EF-9653-5E981B0B81F3}.Release|Any CPU.ActiveCfg = Release|Any CPU
		{B6E57622-555C-48EF-9653-5E981B0B81F3}.Release|Any CPU.Build.0 = Release|Any CPU
		{C46D80DD-554F-4FEC-8523-DF5C9CA84D70}.Debug|Any CPU.ActiveCfg = Debug|Any CPU
		{C46D80DD-554F-4FEC-8523-DF5C9CA84D70}.Debug|Any CPU.Build.0 = Debug|Any CPU
		{C46D80DD-554F-4FEC-8523-DF5C9CA84D70}.Release|Any CPU.ActiveCfg = Release|Any CPU
		{C46D80DD-554F-4FEC-8523-DF5C9CA84D70}.Release|Any CPU.Build.0 = Release|Any CPU
		{8BC5080D-B9B0-4C23-9E54-43448916B148}.Debug|Any CPU.ActiveCfg = Debug|Any CPU
		{8BC5080D-B9B0-4C23-9E54-43448916B148}.Debug|Any CPU.Build.0 = Debug|Any CPU
		{8BC5080D-B9B0-4C23-9E54-43448916B148}.Release|Any CPU.ActiveCfg = Release|Any CPU
		{8BC5080D-B9B0-4C23-9E54-43448916B148}.Release|Any CPU.Build.0 = Release|Any CPU
		{55D9B01E-7033-4302-9278-19FFFDB09138}.Debug|Any CPU.ActiveCfg = Debug|Any CPU
		{55D9B01E-7033-4302-9278-19FFFDB09138}.Debug|Any CPU.Build.0 = Debug|Any CPU
		{55D9B01E-7033-4302-9278-19FFFDB09138}.Release|Any CPU.ActiveCfg = Release|Any CPU
		{55D9B01E-7033-4302-9278-19FFFDB09138}.Release|Any CPU.Build.0 = Release|Any CPU
	EndGlobalSection
	GlobalSection(SolutionProperties) = preSolution
		HideSolutionNode = FALSE
	EndGlobalSection
	GlobalSection(ExtensibilityGlobals) = postSolution
		SolutionGuid = {5F67E0EC-EBA6-487B-A75F-72577EC4AA28}
	EndGlobalSection
EndGlobal
